
Microsoft Visual Studio Solution File, Format Version 12.00
# Visual Studio Version 17
VisualStudioVersion = 17.9.34701.34
MinimumVisualStudioVersion = 10.0.40219.1
Project("{FAE04EC0-301F-11D3-BF4B-00C04F79EFBC}") = "SecondProjec", "SecondProjec\SecondProjec.csproj", "{F251C942-F213-44EC-9BF9-EA4F0D924958}"
EndProject
Global
	GlobalSection(SolutionConfigurationPlatforms) = preSolution
		Debug|Any CPU = Debug|Any CPU
		Release|Any CPU = Release|Any CPU
	EndGlobalSection
	GlobalSection(ProjectConfigurationPlatforms) = postSolution
		{F251C942-F213-44EC-9BF9-EA4F0D924958}.Debug|Any CPU.ActiveCfg = Debug|Any CPU
		{F251C942-F213-44EC-9BF9-EA4F0D924958}.Debug|Any CPU.Build.0 = Debug|Any CPU
		{F251C942-F213-44EC-9BF9-EA4F0D924958}.Release|Any CPU.ActiveCfg = Release|Any CPU
		{F251C942-F213-44EC-9BF9-EA4F0D924958}.Release|Any CPU.Build.0 = Release|Any CPU
	EndGlobalSection
	GlobalSection(SolutionProperties) = preSolution
		HideSolutionNode = FALSE
	EndGlobalSection
	GlobalSection(ExtensibilityGlobals) = postSolution
		SolutionGuid = {5CACF310-14BE-4982-8173-E3808B78B66F}
	EndGlobalSection
EndGlobal
